// !$*UTF8*$!
{
	archiveVersion = 1;
	classes = {
	};
	objectVersion = 46;
	objects = {

/* Begin PBXBuildFile section */
		9B05AA341D2115D5000A1611 /* AppDelegate.swift in Sources */ = {isa = PBXBuildFile; fileRef = 9B05AA331D2115D5000A1611 /* AppDelegate.swift */; };
		9B05AA361D2115D5000A1611 /* ViewController.swift in Sources */ = {isa = PBXBuildFile; fileRef = 9B05AA351D2115D5000A1611 /* ViewController.swift */; };
		9B05AA391D2115D5000A1611 /* Main.storyboard in Resources */ = {isa = PBXBuildFile; fileRef = 9B05AA371D2115D5000A1611 /* Main.storyboard */; };
		9B05AA3B1D2115D5000A1611 /* Assets.xcassets in Resources */ = {isa = PBXBuildFile; fileRef = 9B05AA3A1D2115D5000A1611 /* Assets.xcassets */; };
		9B05AA3E1D2115D5000A1611 /* LaunchScreen.storyboard in Resources */ = {isa = PBXBuildFile; fileRef = 9B05AA3C1D2115D5000A1611 /* LaunchScreen.storyboard */; };
		9B05AA621D21163D000A1611 /* OOSegmentViewController.swift in Sources */ = {isa = PBXBuildFile; fileRef = 9B05AA611D21163D000A1611 /* OOSegmentViewController.swift */; };
		9B05AA641D2117DC000A1611 /* OOSegmentNavigationBar.swift in Sources */ = {isa = PBXBuildFile; fileRef = 9B05AA631D2117DC000A1611 /* OOSegmentNavigationBar.swift */; };
		9B43BE311D228DA300D97C9A /* HomeViewController.swift in Sources */ = {isa = PBXBuildFile; fileRef = 9B43BE301D228DA300D97C9A /* HomeViewController.swift */; };
		9B4EC5B31D2635E0006E0E72 /* TableViewController.swift in Sources */ = {isa = PBXBuildFile; fileRef = 9B4EC5B21D2635E0006E0E72 /* TableViewController.swift */; };
		9BC0E39A1D2CF95300072C35 /* OOCursorMoveEffect.swift in Sources */ = {isa = PBXBuildFile; fileRef = 9BC0E3991D2CF95300072C35 /* OOCursorMoveEffect.swift */; };
		9BC567E21D51D4F8006597CB /* CollectionViewController.swift in Sources */ = {isa = PBXBuildFile; fileRef = 9BC567E11D51D4F8006597CB /* CollectionViewController.swift */; };
/* End PBXBuildFile section */

/* Begin PBXFileReference section */
		9B05AA301D2115D5000A1611 /* OOSegmentViewController.app */ = {isa = PBXFileReference; explicitFileType = wrapper.application; includeInIndex = 0; path = OOSegmentViewController.app; sourceTree = BUILT_PRODUCTS_DIR; };
		9B05AA331D2115D5000A1611 /* AppDelegate.swift */ = {isa = PBXFileReference; lastKnownFileType = sourcecode.swift; path = AppDelegate.swift; sourceTree = "<group>"; };
		9B05AA351D2115D5000A1611 /* ViewController.swift */ = {isa = PBXFileReference; lastKnownFileType = sourcecode.swift; path = ViewController.swift; sourceTree = "<group>"; };
		9B05AA381D2115D5000A1611 /* Base */ = {isa = PBXFileReference; lastKnownFileType = file.storyboard; name = Base; path = Base.lproj/Main.storyboard; sourceTree = "<group>"; };
		9B05AA3A1D2115D5000A1611 /* Assets.xcassets */ = {isa = PBXFileReference; lastKnownFileType = folder.assetcatalog; path = Assets.xcassets; sourceTree = "<group>"; };
		9B05AA3D1D2115D5000A1611 /* Base */ = {isa = PBXFileReference; lastKnownFileType = file.storyboard; name = Base; path = Base.lproj/LaunchScreen.storyboard; sourceTree = "<group>"; };
		9B05AA3F1D2115D5000A1611 /* Info.plist */ = {isa = PBXFileReference; lastKnownFileType = text.plist.xml; path = Info.plist; sourceTree = "<group>"; };
		9B05AA481D2115D5000A1611 /* OOSegmentViewControllerTests.swift */ = {isa = PBXFileReference; lastKnownFileType = sourcecode.swift; path = OOSegmentViewControllerTests.swift; sourceTree = "<group>"; };
		9B05AA4A1D2115D5000A1611 /* Info.plist */ = {isa = PBXFileReference; lastKnownFileType = text.plist.xml; path = Info.plist; sourceTree = "<group>"; };
		9B05AA531D2115D5000A1611 /* OOSegmentViewControllerUITests.swift */ = {isa = PBXFileReference; lastKnownFileType = sourcecode.swift; path = OOSegmentViewControllerUITests.swift; sourceTree = "<group>"; };
		9B05AA551D2115D5000A1611 /* Info.plist */ = {isa = PBXFileReference; lastKnownFileType = text.plist.xml; path = Info.plist; sourceTree = "<group>"; };
		9B05AA611D21163D000A1611 /* OOSegmentViewController.swift */ = {isa = PBXFileReference; fileEncoding = 4; lastKnownFileType = sourcecode.swift; path = OOSegmentViewController.swift; sourceTree = "<group>"; };
		9B05AA631D2117DC000A1611 /* OOSegmentNavigationBar.swift */ = {isa = PBXFileReference; fileEncoding = 4; lastKnownFileType = sourcecode.swift; path = OOSegmentNavigationBar.swift; sourceTree = "<group>"; };
		9B43BE301D228DA300D97C9A /* HomeViewController.swift */ = {isa = PBXFileReference; fileEncoding = 4; lastKnownFileType = sourcecode.swift; path = HomeViewController.swift; sourceTree = "<group>"; };
		9B4EC5B21D2635E0006E0E72 /* TableViewController.swift */ = {isa = PBXFileReference; fileEncoding = 4; lastKnownFileType = sourcecode.swift; path = TableViewController.swift; sourceTree = "<group>"; };
		9BC0E3991D2CF95300072C35 /* OOCursorMoveEffect.swift */ = {isa = PBXFileReference; fileEncoding = 4; lastKnownFileType = sourcecode.swift; path = OOCursorMoveEffect.swift; sourceTree = "<group>"; };
		9BC567E11D51D4F8006597CB /* CollectionViewController.swift */ = {isa = PBXFileReference; fileEncoding = 4; lastKnownFileType = sourcecode.swift; path = CollectionViewController.swift; sourceTree = "<group>"; };
/* End PBXFileReference section */

/* Begin PBXFrameworksBuildPhase section */
		9B05AA2D1D2115D5000A1611 /* Frameworks */ = {
			isa = PBXFrameworksBuildPhase;
			buildActionMask = 2147483647;
			files = (
			);
			runOnlyForDeploymentPostprocessing = 0;
		};
/* End PBXFrameworksBuildPhase section */

/* Begin PBXGroup section */
		9B05AA271D2115D5000A1611 = {
			isa = PBXGroup;
			children = (
				9B05AA321D2115D5000A1611 /* OOSegmentViewController */,
				9B05AA471D2115D5000A1611 /* OOSegmentViewControllerTests */,
				9B05AA521D2115D5000A1611 /* OOSegmentViewControllerUITests */,
				9B05AA311D2115D5000A1611 /* Products */,
			);
			sourceTree = "<group>";
		};
		9B05AA311D2115D5000A1611 /* Products */ = {
			isa = PBXGroup;
			children = (
				9B05AA301D2115D5000A1611 /* OOSegmentViewController.app */,
			);
			name = Products;
			sourceTree = "<group>";
		};
		9B05AA321D2115D5000A1611 /* OOSegmentViewController */ = {
			isa = PBXGroup;
			children = (
				9B05AA331D2115D5000A1611 /* AppDelegate.swift */,
				9B05AA351D2115D5000A1611 /* ViewController.swift */,
				9B05AA371D2115D5000A1611 /* Main.storyboard */,
				9B43BE301D228DA300D97C9A /* HomeViewController.swift */,
				9B05AA3A1D2115D5000A1611 /* Assets.xcassets */,
				9B05AA3C1D2115D5000A1611 /* LaunchScreen.storyboard */,
				9B05AA3F1D2115D5000A1611 /* Info.plist */,
				9B05AA611D21163D000A1611 /* OOSegmentViewController.swift */,
				9B05AA631D2117DC000A1611 /* OOSegmentNavigationBar.swift */,
				9BC0E3991D2CF95300072C35 /* OOCursorMoveEffect.swift */,
				9B4EC5B21D2635E0006E0E72 /* TableViewController.swift */,
				9BC567E11D51D4F8006597CB /* CollectionViewController.swift */,
			);
			path = OOSegmentViewController;
			sourceTree = "<group>";
		};
		9B05AA471D2115D5000A1611 /* OOSegmentViewControllerTests */ = {
			isa = PBXGroup;
			children = (
				9B05AA481D2115D5000A1611 /* OOSegmentViewControllerTests.swift */,
				9B05AA4A1D2115D5000A1611 /* Info.plist */,
			);
			path = OOSegmentViewControllerTests;
			sourceTree = "<group>";
		};
		9B05AA521D2115D5000A1611 /* OOSegmentViewControllerUITests */ = {
			isa = PBXGroup;
			children = (
				9B05AA531D2115D5000A1611 /* OOSegmentViewControllerUITests.swift */,
				9B05AA551D2115D5000A1611 /* Info.plist */,
			);
			path = OOSegmentViewControllerUITests;
			sourceTree = "<group>";
		};
/* End PBXGroup section */

/* Begin PBXNativeTarget section */
		9B05AA2F1D2115D5000A1611 /* OOSegmentViewController */ = {
			isa = PBXNativeTarget;
			buildConfigurationList = 9B05AA581D2115D5000A1611 /* Build configuration list for PBXNativeTarget "OOSegmentViewController" */;
			buildPhases = (
				9B05AA2C1D2115D5000A1611 /* Sources */,
				9B05AA2D1D2115D5000A1611 /* Frameworks */,
				9B05AA2E1D2115D5000A1611 /* Resources */,
			);
			buildRules = (
			);
			dependencies = (
			);
			name = OOSegmentViewController;
			productName = OOSegmentViewController;
			productReference = 9B05AA301D2115D5000A1611 /* OOSegmentViewController.app */;
			productType = "com.apple.product-type.application";
		};
/* End PBXNativeTarget section */

/* Begin PBXProject section */
		9B05AA281D2115D5000A1611 /* Project object */ = {
			isa = PBXProject;
			attributes = {
				LastSwiftUpdateCheck = 0730;
				LastUpgradeCheck = 0730;
				ORGANIZATIONNAME = clearlove;
				TargetAttributes = {
					9B05AA2F1D2115D5000A1611 = {
						CreatedOnToolsVersion = 7.3.1;
						DevelopmentTeam = 67GS2ZN438;
						LastSwiftMigration = 0800;
					};
				};
			};
			buildConfigurationList = 9B05AA2B1D2115D5000A1611 /* Build configuration list for PBXProject "OOSegmentViewController" */;
			compatibilityVersion = "Xcode 3.2";
			developmentRegion = English;
			hasScannedForEncodings = 0;
			knownRegions = (
				en,
				Base,
			);
			mainGroup = 9B05AA271D2115D5000A1611;
			productRefGroup = 9B05AA311D2115D5000A1611 /* Products */;
			projectDirPath = "";
			projectRoot = "";
			targets = (
				9B05AA2F1D2115D5000A1611 /* OOSegmentViewController */,
			);
		};
/* End PBXProject section */

/* Begin PBXResourcesBuildPhase section */
		9B05AA2E1D2115D5000A1611 /* Resources */ = {
			isa = PBXResourcesBuildPhase;
			buildActionMask = 2147483647;
			files = (
				9B05AA3E1D2115D5000A1611 /* LaunchScreen.storyboard in Resources */,
				9B05AA3B1D2115D5000A1611 /* Assets.xcassets in Resources */,
				9B05AA391D2115D5000A1611 /* Main.storyboard in Resources */,
			);
			runOnlyForDeploymentPostprocessing = 0;
		};
/* End PBXResourcesBuildPhase section */

/* Begin PBXSourcesBuildPhase section */
		9B05AA2C1D2115D5000A1611 /* Sources */ = {
			isa = PBXSourcesBuildPhase;
			buildActionMask = 2147483647;
			files = (
				9B43BE311D228DA300D97C9A /* HomeViewController.swift in Sources */,
				9B4EC5B31D2635E0006E0E72 /* TableViewController.swift in Sources */,
				9B05AA361D2115D5000A1611 /* ViewController.swift in Sources */,
				9B05AA641D2117DC000A1611 /* OOSegmentNavigationBar.swift in Sources */,
				9BC567E21D51D4F8006597CB /* CollectionViewController.swift in Sources */,
				9BC0E39A1D2CF95300072C35 /* OOCursorMoveEffect.swift in Sources */,
				9B05AA621D21163D000A1611 /* OOSegmentViewController.swift in Sources */,
				9B05AA341D2115D5000A1611 /* AppDelegate.swift in Sources */,
			);
			runOnlyForDeploymentPostprocessing = 0;
		};
/* End PBXSourcesBuildPhase section */

/* Begin PBXVariantGroup section */
		9B05AA371D2115D5000A1611 /* Main.storyboard */ = {
			isa = PBXVariantGroup;
			children = (
				9B05AA381D2115D5000A1611 /* Base */,
			);
			name = Main.storyboard;
			sourceTree = "<group>";
		};
		9B05AA3C1D2115D5000A1611 /* LaunchScreen.storyboard */ = {
			isa = PBXVariantGroup;
			children = (
				9B05AA3D1D2115D5000A1611 /* Base */,
			);
			name = LaunchScreen.storyboard;
			sourceTree = "<group>";
		};
/* End PBXVariantGroup section */

/* Begin XCBuildConfiguration section */
		9B05AA561D2115D5000A1611 /* Debug */ = {
			isa = XCBuildConfiguration;
			buildSettings = {
				ALWAYS_SEARCH_USER_PATHS = NO;
				CLANG_ANALYZER_NONNULL = YES;
				CLANG_CXX_LANGUAGE_STANDARD = "gnu++0x";
				CLANG_CXX_LIBRARY = "libc++";
				CLANG_ENABLE_MODULES = YES;
				CLANG_ENABLE_OBJC_ARC = YES;
				CLANG_WARN_BOOL_CONVERSION = YES;
				CLANG_WARN_CONSTANT_CONVERSION = YES;
				CLANG_WARN_DIRECT_OBJC_ISA_USAGE = YES_ERROR;
				CLANG_WARN_EMPTY_BODY = YES;
				CLANG_WARN_ENUM_CONVERSION = YES;
				CLANG_WARN_INT_CONVERSION = YES;
				CLANG_WARN_OBJC_ROOT_CLASS = YES_ERROR;
				CLANG_WARN_UNREACHABLE_CODE = YES;
				CLANG_WARN__DUPLICATE_METHOD_MATCH = YES;
				"CODE_SIGN_IDENTITY[sdk=iphoneos*]" = "iPhone Developer";
				COPY_PHASE_STRIP = NO;
				DEBUG_INFORMATION_FORMAT = dwarf;
				ENABLE_STRICT_OBJC_MSGSEND = YES;
				ENABLE_TESTABILITY = YES;
				GCC_C_LANGUAGE_STANDARD = gnu99;
				GCC_DYNAMIC_NO_PIC = NO;
				GCC_NO_COMMON_BLOCKS = YES;
				GCC_OPTIMIZATION_LEVEL = 0;
				GCC_PREPROCESSOR_DEFINITIONS = (
					"DEBUG=1",
					"$(inherited)",
				);
				GCC_WARN_64_TO_32_BIT_CONVERSION = YES;
				GCC_WARN_ABOUT_RETURN_TYPE = YES_ERROR;
				GCC_WARN_UNDECLARED_SELECTOR = YES;
				GCC_WARN_UNINITIALIZED_AUTOS = YES_AGGRESSIVE;
				GCC_WARN_UNUSED_FUNCTION = YES;
				GCC_WARN_UNUSED_VARIABLE = YES;
				IPHONEOS_DEPLOYMENT_TARGET = 8.0;
				MTL_ENABLE_DEBUG_INFO = YES;
				ONLY_ACTIVE_ARCH = YES;
				SDKROOT = iphoneos;
				SWIFT_OPTIMIZATION_LEVEL = "-Onone";
				TARGETED_DEVICE_FAMILY = "1,2";
			};
			name = Debug;
		};
		9B05AA571D2115D5000A1611 /* Release */ = {
			isa = XCBuildConfiguration;
			buildSettings = {
				ALWAYS_SEARCH_USER_PATHS = NO;
				CLANG_ANALYZER_NONNULL = YES;
				CLANG_CXX_LANGUAGE_STANDARD = "gnu++0x";
				CLANG_CXX_LIBRARY = "libc++";
				CLANG_ENABLE_MODULES = YES;
				CLANG_ENABLE_OBJC_ARC = YES;
				CLANG_WARN_BOOL_CONVERSION = YES;
				CLANG_WARN_CONSTANT_CONVERSION = YES;
				CLANG_WARN_DIRECT_OBJC_ISA_USAGE = YES_ERROR;
				CLANG_WARN_EMPTY_BODY = YES;
				CLANG_WARN_ENUM_CONVERSION = YES;
				CLANG_WARN_INT_CONVERSION = YES;
				CLANG_WARN_OBJC_ROOT_CLASS = YES_ERROR;
				CLANG_WARN_UNREACHABLE_CODE = YES;
				CLANG_WARN__DUPLICATE_METHOD_MATCH = YES;
				"CODE_SIGN_IDENTITY[sdk=iphoneos*]" = "iPhone Developer";
				COPY_PHASE_STRIP = NO;
				DEBUG_INFORMATION_FORMAT = "dwarf-with-dsym";
				ENABLE_NS_ASSERTIONS = NO;
				ENABLE_STRICT_OBJC_MSGSEND = YES;
				GCC_C_LANGUAGE_STANDARD = gnu99;
				GCC_NO_COMMON_BLOCKS = YES;
				GCC_WARN_64_TO_32_BIT_CONVERSION = YES;
				GCC_WARN_ABOUT_RETURN_TYPE = YES_ERROR;
				GCC_WARN_UNDECLARED_SELECTOR = YES;
				GCC_WARN_UNINITIALIZED_AUTOS = YES_AGGRESSIVE;
				GCC_WARN_UNUSED_FUNCTION = YES;
				GCC_WARN_UNUSED_VARIABLE = YES;
				IPHONEOS_DEPLOYMENT_TARGET = 8.0;
				MTL_ENABLE_DEBUG_INFO = NO;
				SDKROOT = iphoneos;
				TARGETED_DEVICE_FAMILY = "1,2";
				VALIDATE_PRODUCT = YES;
			};
			name = Release;
		};
		9B05AA591D2115D5000A1611 /* Debug */ = {
			isa = XCBuildConfiguration;
			buildSettings = {
				ASSETCATALOG_COMPILER_APPICON_NAME = AppIcon;
				DEVELOPMENT_TEAM = 67GS2ZN438;
				INFOPLIST_FILE = OOSegmentViewController/Info.plist;
				IPHONEOS_DEPLOYMENT_TARGET = 8.0;
				LD_RUNPATH_SEARCH_PATHS = "$(inherited) @executable_path/Frameworks";
				PRODUCT_BUNDLE_IDENTIFIER = com.OOSegmentViewController;
				PRODUCT_NAME = "$(TARGET_NAME)";
				SWIFT_VERSION = 3.0;
			};
			name = Debug;
		};
		9B05AA5A1D2115D5000A1611 /* Release */ = {
			isa = XCBuildConfiguration;
			buildSettings = {
				ASSETCATALOG_COMPILER_APPICON_NAME = AppIcon;
				DEVELOPMENT_TEAM = 67GS2ZN438;
				INFOPLIST_FILE = OOSegmentViewController/Info.plist;
				IPHONEOS_DEPLOYMENT_TARGET = 8.0;
				LD_RUNPATH_SEARCH_PATHS = "$(inherited) @executable_path/Frameworks";
				PRODUCT_BUNDLE_IDENTIFIER = com.OOSegmentViewController;
				PRODUCT_NAME = "$(TARGET_NAME)";
				SWIFT_VERSION = 3.0;
			};
			name = Release;
		};
/* End XCBuildConfiguration section */

/* Begin XCConfigurationList section */
		9B05AA2B1D2115D5000A1611 /* Build configuration list for PBXProject "OOSegmentViewController" */ = {
			isa = XCConfigurationList;
			buildConfigurations = (
				9B05AA561D2115D5000A1611 /* Debug */,
				9B05AA571D2115D5000A1611 /* Release */,
			);
			defaultConfigurationIsVisible = 0;
			defaultConfigurationName = Release;
		};
		9B05AA581D2115D5000A1611 /* Build configuration list for PBXNativeTarget "OOSegmentViewController" */ = {
			isa = XCConfigurationList;
			buildConfigurations = (
				9B05AA591D2115D5000A1611 /* Debug */,
				9B05AA5A1D2115D5000A1611 /* Release */,
			);
			defaultConfigurationIsVisible = 0;
			defaultConfigurationName = Release;
		};
/* End XCConfigurationList section */
	};
	rootObject = 9B05AA281D2115D5000A1611 /* Project object */;
}
